
Microsoft Visual Studio Solution File, Format Version 12.00
# Visual Studio Version 16
VisualStudioVersion = 16.0.30413.136
MinimumVisualStudioVersion = 10.0.40219.1
Project("{FAE04EC0-301F-11D3-BF4B-00C04F79EFBC}") = "TermProject", "TermProject.csproj", "{376896A2-A176-4A16-AB01-6172A1DAFAAF}"
EndProject
Global
	GlobalSection(SolutionConfigurationPlatforms) = preSolution
		Debug|Any CPU = Debug|Any CPU
		Release|Any CPU = Release|Any CPU
	EndGlobalSection
	GlobalSection(ProjectConfigurationPlatforms) = postSolution
		{376896A2-A176-4A16-AB01-6172A1DAFAAF}.Debug|Any CPU.ActiveCfg = Debug|Any CPU
		{376896A2-A176-4A16-AB01-6172A1DAFAAF}.Debug|Any CPU.Build.0 = Debug|Any CPU
		{376896A2-A176-4A16-AB01-6172A1DAFAAF}.Release|Any CPU.ActiveCfg = Release|Any CPU
		{376896A2-A176-4A16-AB01-6172A1DAFAAF}.Release|Any CPU.Build.0 = Release|Any CPU
	EndGlobalSection
	GlobalSection(SolutionProperties) = preSolution
		HideSolutionNode = FALSE
	EndGlobalSection
	GlobalSection(ExtensibilityGlobals) = postSolution
		SolutionGuid = {4FED80E1-C9B2-4654-A8BE-31EB6AD16CFF}
	EndGlobalSection
EndGlobal
